# This file is automatically @generated by Poetry 1.6.1 and should not be changed by hand.

[[package]]
name = "click"
version = "7.1.2"
description = "Composable command line interface toolkit"
optional = false
python-versions = ">=2.7, !=3.0.*, !=3.1.*, !=3.2.*, !=3.3.*, !=3.4.*"
files = [
    {file = "click-7.1.2-py2.py3-none-any.whl", hash = "sha256:dacca89f4bfadd5de3d7489b7c8a566eee0d3676333fbb50030263894c38c0dc"},
    {file = "click-7.1.2.tar.gz", hash = "sha256:d2b5255c7c6349bc1bd1e59e08cd12acbbd63ce649f2588755783aa94dfb6b1a"},
]

[[package]]
name = "dnspython"
version = "2.4.2"
description = "DNS toolkit"
optional = false
python-versions = ">=3.8,<4.0"
files = [
    {file = "dnspython-2.4.2-py3-none-any.whl", hash = "sha256:57c6fbaaeaaf39c891292012060beb141791735dbb4004798328fc2c467402d8"},
    {file = "dnspython-2.4.2.tar.gz", hash = "sha256:8dcfae8c7460a2f84b4072e26f1c9f4101ca20c071649cb7c34e8b6a93d58984"},
]

[package.extras]
dnssec = ["cryptography (>=2.6,<42.0)"]
doh = ["h2 (>=4.1.0)", "httpcore (>=0.17.3)", "httpx (>=0.24.1)"]
doq = ["aioquic (>=0.9.20)"]
idna = ["idna (>=2.1,<4.0)"]
trio = ["trio (>=0.14,<0.23)"]
wmi = ["wmi (>=1.5.1,<2.0.0)"]

[[package]]
name = "eventlet"
version = "0.33.3"
description = "Highly concurrent networking library"
optional = false
python-versions = "*"
files = [
    {file = "eventlet-0.33.3-py2.py3-none-any.whl", hash = "sha256:e43b9ae05ba4bb477a10307699c9aff7ff86121b2640f9184d29059f5a687df8"},
    {file = "eventlet-0.33.3.tar.gz", hash = "sha256:722803e7eadff295347539da363d68ae155b8b26ae6a634474d0a920be73cfda"},
]

[package.dependencies]
dnspython = ">=1.15.0"
greenlet = ">=0.3"
six = ">=1.10.0"

[[package]]
name = "flask"
version = "1.1.4"
description = "A simple framework for building complex web applications."
optional = false
python-versions = ">=2.7, !=3.0.*, !=3.1.*, !=3.2.*, !=3.3.*, !=3.4.*"
files = [
    {file = "Flask-1.1.4-py2.py3-none-any.whl", hash = "sha256:c34f04500f2cbbea882b1acb02002ad6fe6b7ffa64a6164577995657f50aed22"},
    {file = "Flask-1.1.4.tar.gz", hash = "sha256:0fbeb6180d383a9186d0d6ed954e0042ad9f18e0e8de088b2b419d526927d196"},
]

[package.dependencies]
click = ">=5.1,<8.0"
itsdangerous = ">=0.24,<2.0"
Jinja2 = ">=2.10.1,<3.0"
Werkzeug = ">=0.15,<2.0"

[package.extras]
dev = ["coverage", "pallets-sphinx-themes", "pytest", "sphinx", "sphinx-issues", "sphinxcontrib-log-cabinet", "tox"]
docs = ["pallets-sphinx-themes", "sphinx", "sphinx-issues", "sphinxcontrib-log-cabinet"]
dotenv = ["python-dotenv"]

[[package]]
name = "flask-socketio"
version = "4.3.2"
description = "Socket.IO integration for Flask applications"
optional = false
python-versions = "*"
files = [
    {file = "Flask-SocketIO-4.3.2.tar.gz", hash = "sha256:37001b3507f2fa5d1c8d9c8e211dd88da6c5286ff0ebce16f27cb1b467d25d68"},
    {file = "Flask_SocketIO-4.3.2-py2.py3-none-any.whl", hash = "sha256:26de451f9ddfd2053ca66a0a5d6b6f53c65246ddcb453fbf9fa8dba364c73a52"},
]

[package.dependencies]
Flask = ">=0.9"
python-socketio = ">=4.3.0,<5"

[[package]]
name = "greenlet"
version = "3.0.2"
description = "Lightweight in-process concurrent programming"
optional = false
python-versions = ">=3.7"
files = [
    {file = "greenlet-3.0.2-cp310-cp310-macosx_11_0_universal2.whl", hash = "sha256:9acd8fd67c248b8537953cb3af8787c18a87c33d4dcf6830e410ee1f95a63fd4"},
    {file = "greenlet-3.0.2-cp310-cp310-manylinux_2_17_aarch64.manylinux2014_aarch64.whl", hash = "sha256:339c0272a62fac7e602e4e6ec32a64ff9abadc638b72f17f6713556ed011d493"},
    {file = "greenlet-3.0.2-cp310-cp310-manylinux_2_17_ppc64le.manylinux2014_ppc64le.whl", hash = "sha256:38878744926cec29b5cc3654ef47f3003f14bfbba7230e3c8492393fe29cc28b"},
    {file = "greenlet-3.0.2-cp310-cp310-manylinux_2_17_s390x.manylinux2014_s390x.whl", hash = "sha256:b3f0497db77cfd034f829678b28267eeeeaf2fc21b3f5041600f7617139e6773"},
    {file = "greenlet-3.0.2-cp310-cp310-manylinux_2_17_x86_64.manylinux2014_x86_64.whl", hash = "sha256:ed1a8a08de7f68506a38f9a2ddb26bbd1480689e66d788fcd4b5f77e2d9ecfcc"},
    {file = "greenlet-3.0.2-cp310-cp310-manylinux_2_24_x86_64.manylinux_2_28_x86_64.whl", hash = "sha256:89a6f6ddcbef4000cda7e205c4c20d319488ff03db961d72d4e73519d2465309"},
    {file = "greenlet-3.0.2-cp310-cp310-musllinux_1_1_aarch64.whl", hash = "sha256:c1f647fe5b94b51488b314c82fdda10a8756d650cee8d3cd29f657c6031bdf73"},
    {file = "greenlet-3.0.2-cp310-cp310-musllinux_1_1_x86_64.whl", hash = "sha256:9560c580c896030ff9c311c603aaf2282234643c90d1dec738a1d93e3e53cd51"},
    {file = "greenlet-3.0.2-cp310-cp310-win_amd64.whl", hash = "sha256:2e9c5423046eec21f6651268cb674dfba97280701e04ef23d312776377313206"},
    {file = "greenlet-3.0.2-cp311-cp311-macosx_11_0_universal2.whl", hash = "sha256:b1fd25dfc5879a82103b3d9e43fa952e3026c221996ff4d32a9c72052544835d"},
    {file = "greenlet-3.0.2-cp311-cp311-manylinux_2_17_aarch64.manylinux2014_aarch64.whl", hash = "sha256:cecfdc950dd25f25d6582952e58521bca749cf3eeb7a9bad69237024308c8196"},
    {file = "greenlet-3.0.2-cp311-cp311-manylinux_2_17_ppc64le.manylinux2014_ppc64le.whl", hash = "sha256:edf7a1daba1f7c54326291a8cde58da86ab115b78c91d502be8744f0aa8e3ffa"},
    {file = "greenlet-3.0.2-cp311-cp311-manylinux_2_17_s390x.manylinux2014_s390x.whl", hash = "sha256:f4cf532bf3c58a862196b06947b1b5cc55503884f9b63bf18582a75228d9950e"},
    {file = "greenlet-3.0.2-cp311-cp311-manylinux_2_17_x86_64.manylinux2014_x86_64.whl", hash = "sha256:e79fb5a9fb2d0bd3b6573784f5e5adabc0b0566ad3180a028af99523ce8f6138"},
    {file = "greenlet-3.0.2-cp311-cp311-manylinux_2_24_x86_64.manylinux_2_28_x86_64.whl", hash = "sha256:006c1028ac0cfcc4e772980cfe73f5476041c8c91d15d64f52482fc571149d46"},
    {file = "greenlet-3.0.2-cp311-cp311-musllinux_1_1_aarch64.whl", hash = "sha256:fefd5eb2c0b1adffdf2802ff7df45bfe65988b15f6b972706a0e55d451bffaea"},
    {file = "greenlet-3.0.2-cp311-cp311-musllinux_1_1_x86_64.whl", hash = "sha256:0c0fdb8142742ee68e97c106eb81e7d3e883cc739d9c5f2b28bc38a7bafeb6d1"},
    {file = "greenlet-3.0.2-cp311-cp311-win_amd64.whl", hash = "sha256:8f8d14a0a4e8c670fbce633d8b9a1ee175673a695475acd838e372966845f764"},
    {file = "greenlet-3.0.2-cp312-cp312-macosx_11_0_universal2.whl", hash = "sha256:654b84c9527182036747938b81938f1d03fb8321377510bc1854a9370418ab66"},
    {file = "greenlet-3.0.2-cp312-cp312-manylinux_2_17_aarch64.manylinux2014_aarch64.whl", hash = "sha256:cd5bc4fde0842ff2b9cf33382ad0b4db91c2582db836793d58d174c569637144"},
    {file = "greenlet-3.0.2-cp312-cp312-manylinux_2_17_ppc64le.manylinux2014_ppc64le.whl", hash = "sha256:c27b142a9080bdd5869a2fa7ebf407b3c0b24bd812db925de90e9afe3c417fd6"},
    {file = "greenlet-3.0.2-cp312-cp312-manylinux_2_17_s390x.manylinux2014_s390x.whl", hash = "sha256:0df7eed98ea23b20e9db64d46eb05671ba33147df9405330695bcd81a73bb0c9"},
    {file = "greenlet-3.0.2-cp312-cp312-manylinux_2_17_x86_64.manylinux2014_x86_64.whl", hash = "sha256:fb5d60805057d8948065338be6320d35e26b0a72f45db392eb32b70dd6dc9227"},
    {file = "greenlet-3.0.2-cp312-cp312-manylinux_2_24_x86_64.manylinux_2_28_x86_64.whl", hash = "sha256:e0e28f5233d64c693382f66d47c362b72089ebf8ac77df7e12ac705c9fa1163d"},
    {file = "greenlet-3.0.2-cp312-cp312-musllinux_1_1_aarch64.whl", hash = "sha256:3e4bfa752b3688d74ab1186e2159779ff4867644d2b1ebf16db14281f0445377"},
    {file = "greenlet-3.0.2-cp312-cp312-musllinux_1_1_x86_64.whl", hash = "sha256:c42bb589e6e9f9d8bdd79f02f044dff020d30c1afa6e84c0b56d1ce8a324553c"},
    {file = "greenlet-3.0.2-cp312-cp312-win_amd64.whl", hash = "sha256:b2cedf279ca38ef3f4ed0d013a6a84a7fc3d9495a716b84a5fc5ff448965f251"},
    {file = "greenlet-3.0.2-cp37-cp37m-macosx_11_0_universal2.whl", hash = "sha256:6d65bec56a7bc352bcf11b275b838df618651109074d455a772d3afe25390b7d"},
    {file = "greenlet-3.0.2-cp37-cp37m-manylinux_2_17_aarch64.manylinux2014_aarch64.whl", hash = "sha256:0acadbc3f72cb0ee85070e8d36bd2a4673d2abd10731ee73c10222cf2dd4713c"},
    {file = "greenlet-3.0.2-cp37-cp37m-manylinux_2_17_ppc64le.manylinux2014_ppc64le.whl", hash = "sha256:14b5d999aefe9ffd2049ad19079f733c3aaa426190ffecadb1d5feacef8fe397"},
    {file = "greenlet-3.0.2-cp37-cp37m-manylinux_2_17_s390x.manylinux2014_s390x.whl", hash = "sha256:f27aa32466993c92d326df982c4acccd9530fe354e938d9e9deada563e71ce76"},
    {file = "greenlet-3.0.2-cp37-cp37m-manylinux_2_17_x86_64.manylinux2014_x86_64.whl", hash = "sha256:8f34a765c5170c0673eb747213a0275ecc749ab3652bdbec324621ed5b2edaef"},
    {file = "greenlet-3.0.2-cp37-cp37m-manylinux_2_24_x86_64.manylinux_2_28_x86_64.whl", hash = "sha256:520fcb53a39ef90f5021c77606952dbbc1da75d77114d69b8d7bded4a8e1a813"},
    {file = "greenlet-3.0.2-cp37-cp37m-musllinux_1_1_aarch64.whl", hash = "sha256:d1fceb5351ab1601903e714c3028b37f6ea722be6873f46e349a960156c05650"},
    {file = "greenlet-3.0.2-cp37-cp37m-musllinux_1_1_x86_64.whl", hash = "sha256:7363756cc439a503505b67983237d1cc19139b66488263eb19f5719a32597836"},
    {file = "greenlet-3.0.2-cp37-cp37m-win32.whl", hash = "sha256:d5547b462b8099b84746461e882a3eb8a6e3f80be46cb6afb8524eeb191d1a30"},
    {file = "greenlet-3.0.2-cp37-cp37m-win_amd64.whl", hash = "sha256:950e21562818f9c771989b5b65f990e76f4ac27af66e1bb34634ae67886ede2a"},
    {file = "greenlet-3.0.2-cp38-cp38-macosx_11_0_universal2.whl", hash = "sha256:d64643317e76b4b41fdba659e7eca29634e5739b8bc394eda3a9127f697ed4b0"},
    {file = "greenlet-3.0.2-cp38-cp38-manylinux_2_17_aarch64.manylinux2014_aarch64.whl", hash = "sha256:5f9ea7c2c9795549653b6f7569f6bc75d2c7d1f6b2854eb8ce0bc6ec3cb2dd88"},
    {file = "greenlet-3.0.2-cp38-cp38-manylinux_2_17_ppc64le.manylinux2014_ppc64le.whl", hash = "sha256:db4233358d3438369051a2f290f1311a360d25c49f255a6c5d10b5bcb3aa2b49"},
    {file = "greenlet-3.0.2-cp38-cp38-manylinux_2_17_s390x.manylinux2014_s390x.whl", hash = "sha256:ed9bf77b41798e8417657245b9f3649314218a4a17aefb02bb3992862df32495"},
    {file = "greenlet-3.0.2-cp38-cp38-manylinux_2_17_x86_64.manylinux2014_x86_64.whl", hash = "sha256:d4d0df07a38e41a10dfb62c6fc75ede196572b580f48ee49b9282c65639f3965"},
    {file = "greenlet-3.0.2-cp38-cp38-manylinux_2_24_x86_64.manylinux_2_28_x86_64.whl", hash = "sha256:10d247260db20887ae8857c0cbc750b9170f0b067dd7d38fb68a3f2334393bd3"},
    {file = "greenlet-3.0.2-cp38-cp38-musllinux_1_1_aarch64.whl", hash = "sha256:a37ae53cca36823597fd5f65341b6f7bac2dd69ecd6ca01334bb795460ab150b"},
    {file = "greenlet-3.0.2-cp38-cp38-musllinux_1_1_x86_64.whl", hash = "sha256:80d068e4b6e2499847d916ef64176811ead6bf210a610859220d537d935ec6fd"},
    {file = "greenlet-3.0.2-cp38-cp38-win32.whl", hash = "sha256:b1405614692ac986490d10d3e1a05e9734f473750d4bee3cf7d1286ef7af7da6"},
    {file = "greenlet-3.0.2-cp38-cp38-win_amd64.whl", hash = "sha256:8756a94ed8f293450b0e91119eca2a36332deba69feb2f9ca410d35e74eae1e4"},
    {file = "greenlet-3.0.2-cp39-cp39-macosx_11_0_universal2.whl", hash = "sha256:2c93cd03acb1499ee4de675e1a4ed8eaaa7227f7949dc55b37182047b006a7aa"},
    {file = "greenlet-3.0.2-cp39-cp39-manylinux_2_17_aarch64.manylinux2014_aarch64.whl", hash = "sha256:1dac09e3c0b78265d2e6d3cbac2d7c48bd1aa4b04a8ffeda3adde9f1688df2c3"},
    {file = "greenlet-3.0.2-cp39-cp39-manylinux_2_17_ppc64le.manylinux2014_ppc64le.whl", hash = "sha256:2ee59c4627c8c4bb3e15949fbcd499abd6b7f4ad9e0bfcb62c65c5e2cabe0ec4"},
    {file = "greenlet-3.0.2-cp39-cp39-manylinux_2_17_s390x.manylinux2014_s390x.whl", hash = "sha256:18fe39d70d482b22f0014e84947c5aaa7211fb8e13dc4cc1c43ed2aa1db06d9a"},
    {file = "greenlet-3.0.2-cp39-cp39-manylinux_2_17_x86_64.manylinux2014_x86_64.whl", hash = "sha256:e84bef3cfb6b6bfe258c98c519811c240dbc5b33a523a14933a252e486797c90"},
    {file = "greenlet-3.0.2-cp39-cp39-manylinux_2_24_x86_64.manylinux_2_28_x86_64.whl", hash = "sha256:aecea0442975741e7d69daff9b13c83caff8c13eeb17485afa65f6360a045765"},
    {file = "greenlet-3.0.2-cp39-cp39-musllinux_1_1_aarch64.whl", hash = "sha256:f260e6c2337871a52161824058923df2bbddb38bc11a5cbe71f3474d877c5bd9"},
    {file = "greenlet-3.0.2-cp39-cp39-musllinux_1_1_x86_64.whl", hash = "sha256:fc14dd9554f88c9c1fe04771589ae24db76cd56c8f1104e4381b383d6b71aff8"},
    {file = "greenlet-3.0.2-cp39-cp39-win32.whl", hash = "sha256:bfcecc984d60b20ffe30173b03bfe9ba6cb671b0be1e95c3e2056d4fe7006590"},
    {file = "greenlet-3.0.2-cp39-cp39-win_amd64.whl", hash = "sha256:c235131bf59d2546bb3ebaa8d436126267392f2e51b85ff45ac60f3a26549af0"},
    {file = "greenlet-3.0.2.tar.gz", hash = "sha256:1c1129bc47266d83444c85a8e990ae22688cf05fb20d7951fd2866007c2ba9bc"},
]

[package.extras]
docs = ["Sphinx"]
test = ["objgraph", "psutil"]

[[package]]
name = "itsdangerous"
version = "1.1.0"
description = "Various helpers to pass data to untrusted environments and back."
optional = false
python-versions = ">=2.7, !=3.0.*, !=3.1.*, !=3.2.*, !=3.3.*"
files = [
    {file = "itsdangerous-1.1.0-py2.py3-none-any.whl", hash = "sha256:b12271b2047cb23eeb98c8b5622e2e5c5e9abd9784a153e9d8ef9cb4dd09d749"},
    {file = "itsdangerous-1.1.0.tar.gz", hash = "sha256:321b033d07f2a4136d3ec762eac9f16a10ccd60f53c0c91af90217ace7ba1f19"},
]

[[package]]
name = "jinja2"
version = "2.11.3"
description = "A very fast and expressive template engine."
optional = false
python-versions = ">=2.7, !=3.0.*, !=3.1.*, !=3.2.*, !=3.3.*, !=3.4.*"
files = [
    {file = "Jinja2-2.11.3-py2.py3-none-any.whl", hash = "sha256:03e47ad063331dd6a3f04a43eddca8a966a26ba0c5b7207a9a9e4e08f1b29419"},
    {file = "Jinja2-2.11.3.tar.gz", hash = "sha256:a6d58433de0ae800347cab1fa3043cebbabe8baa9d29e668f1c768cb87a333c6"},
]

[package.dependencies]
MarkupSafe = ">=0.23"

[package.extras]
i18n = ["Babel (>=0.8)"]

[[package]]
name = "markupsafe"
version = "1.1.1"
description = "Safely add untrusted strings to HTML/XML markup."
optional = false
python-versions = ">=2.7,!=3.0.*,!=3.1.*,!=3.2.*,!=3.3.*"
files = [
    {file = "MarkupSafe-1.1.1-cp27-cp27m-macosx_10_6_intel.whl", hash = "sha256:09027a7803a62ca78792ad89403b1b7a73a01c8cb65909cd876f7fcebd79b161"},
    {file = "MarkupSafe-1.1.1-cp27-cp27m-manylinux1_i686.whl", hash = "sha256:e249096428b3ae81b08327a63a485ad0878de3fb939049038579ac0ef61e17e7"},
    {file = "MarkupSafe-1.1.1-cp27-cp27m-manylinux1_x86_64.whl", hash = "sha256:500d4957e52ddc3351cabf489e79c91c17f6e0899158447047588650b5e69183"},
    {file = "MarkupSafe-1.1.1-cp27-cp27m-win32.whl", hash = "sha256:b2051432115498d3562c084a49bba65d97cf251f5a331c64a12ee7e04dacc51b"},
    {file = "MarkupSafe-1.1.1-cp27-cp27m-win_amd64.whl", hash = "sha256:98c7086708b163d425c67c7a91bad6e466bb99d797aa64f965e9d25c12111a5e"},
    {file = "MarkupSafe-1.1.1-cp27-cp27mu-manylinux1_i686.whl", hash = "sha256:cd5df75523866410809ca100dc9681e301e3c27567cf498077e8551b6d20e42f"},
    {file = "MarkupSafe-1.1.1-cp27-cp27mu-manylinux1_x86_64.whl", hash = "sha256:43a55c2930bbc139570ac2452adf3d70cdbb3cfe5912c71cdce1c2c6bbd9c5d1"},
    {file = "MarkupSafe-1.1.1-cp34-cp34m-macosx_10_6_intel.whl", hash = "sha256:1027c282dad077d0bae18be6794e6b6b8c91d58ed8a8d89a89d59693b9131db5"},
    {file = "MarkupSafe-1.1.1-cp34-cp34m-manylinux1_i686.whl", hash = "sha256:62fe6c95e3ec8a7fad637b7f3d372c15ec1caa01ab47926cfdf7a75b40e0eac1"},
    {file = "MarkupSafe-1.1.1-cp34-cp34m-manylinux1_x86_64.whl", hash = "sha256:88e5fcfb52ee7b911e8bb6d6aa2fd21fbecc674eadd44118a9cc3863f938e735"},
    {file = "MarkupSafe-1.1.1-cp34-cp34m-win32.whl", hash = "sha256:ade5e387d2ad0d7ebf59146cc00c8044acbd863725f887353a10df825fc8ae21"},
    {file = "MarkupSafe-1.1.1-cp34-cp34m-win_amd64.whl", hash = "sha256:09c4b7f37d6c648cb13f9230d847adf22f8171b1ccc4d5682398e77f40309235"},
    {file = "MarkupSafe-1.1.1-cp35-cp35m-macosx_10_6_intel.whl", hash = "sha256:79855e1c5b8da654cf486b830bd42c06e8780cea587384cf6545b7d9ac013a0b"},
    {file = "MarkupSafe-1.1.1-cp35-cp35m-manylinux1_i686.whl", hash = "sha256:c8716a48d94b06bb3b2524c2b77e055fb313aeb4ea620c8dd03a105574ba704f"},
    {file = "MarkupSafe-1.1.1-cp35-cp35m-manylinux1_x86_64.whl", hash = "sha256:7c1699dfe0cf8ff607dbdcc1e9b9af1755371f92a68f706051cc8c37d447c905"},
    {file = "MarkupSafe-1.1.1-cp35-cp35m-win32.whl", hash = "sha256:6dd73240d2af64df90aa7c4e7481e23825ea70af4b4922f8ede5b9e35f78a3b1"},
    {file = "MarkupSafe-1.1.1-cp35-cp35m-win_amd64.whl", hash = "sha256:9add70b36c5666a2ed02b43b335fe19002ee5235efd4b8a89bfcf9005bebac0d"},
    {file = "MarkupSafe-1.1.1-cp36-cp36m-macosx_10_6_intel.whl", hash = "sha256:24982cc2533820871eba85ba648cd53d8623687ff11cbb805be4ff7b4c971aff"},
    {file = "MarkupSafe-1.1.1-cp36-cp36m-macosx_10_9_x86_64.whl", hash = "sha256:d53bc011414228441014aa71dbec320c66468c1030aae3a6e29778a3382d96e5"},
    {file = "MarkupSafe-1.1.1-cp36-cp36m-manylinux1_i686.whl", hash = "sha256:00bc623926325b26bb9605ae9eae8a215691f33cae5df11ca5424f06f2d1f473"},
    {file = "MarkupSafe-1.1.1-cp36-cp36m-manylinux1_x86_64.whl", hash = "sha256:717ba8fe3ae9cc0006d7c451f0bb265ee07739daf76355d06366154ee68d221e"},
    {file = "MarkupSafe-1.1.1-cp36-cp36m-manylinux2010_i686.whl", hash = "sha256:3b8a6499709d29c2e2399569d96719a1b21dcd94410a586a18526b143ec8470f"},
    {file = "MarkupSafe-1.1.1-cp36-cp36m-manylinux2010_x86_64.whl", hash = "sha256:84dee80c15f1b560d55bcfe6d47b27d070b4681c699c572af2e3c7cc90a3b8e0"},
    {file = "MarkupSafe-1.1.1-cp36-cp36m-manylinux2014_aarch64.whl", hash = "sha256:b1dba4527182c95a0db8b6060cc98ac49b9e2f5e64320e2b56e47cb2831978c7"},
    {file = "MarkupSafe-1.1.1-cp36-cp36m-win32.whl", hash = "sha256:535f6fc4d397c1563d08b88e485c3496cf5784e927af890fb3c3aac7f933ec66"},
    {file = "MarkupSafe-1.1.1-cp36-cp36m-win_amd64.whl", hash = "sha256:b1282f8c00509d99fef04d8ba936b156d419be841854fe901d8ae224c59f0be5"},
    {file = "MarkupSafe-1.1.1-cp37-cp37m-macosx_10_6_intel.whl", hash = "sha256:8defac2f2ccd6805ebf65f5eeb132adcf2ab57aa11fdf4c0dd5169a004710e7d"},
    {file = "MarkupSafe-1.1.1-cp37-cp37m-macosx_10_9_x86_64.whl", hash = "sha256:bf5aa3cbcfdf57fa2ee9cd1822c862ef23037f5c832ad09cfea57fa846dec193"},
    {file = "MarkupSafe-1.1.1-cp37-cp37m-manylinux1_i686.whl", hash = "sha256:46c99d2de99945ec5cb54f23c8cd5689f6d7177305ebff350a58ce5f8de1669e"},
    {file = "MarkupSafe-1.1.1-cp37-cp37m-manylinux1_x86_64.whl", hash = "sha256:ba59edeaa2fc6114428f1637ffff42da1e311e29382d81b339c1817d37ec93c6"},
    {file = "MarkupSafe-1.1.1-cp37-cp37m-manylinux2010_i686.whl", hash = "sha256:6fffc775d90dcc9aed1b89219549b329a9250d918fd0b8fa8d93d154918422e1"},
    {file = "MarkupSafe-1.1.1-cp37-cp37m-manylinux2010_x86_64.whl", hash = "sha256:a6a744282b7718a2a62d2ed9d993cad6f5f585605ad352c11de459f4108df0a1"},
    {file = "MarkupSafe-1.1.1-cp37-cp37m-manylinux2014_aarch64.whl", hash = "sha256:195d7d2c4fbb0ee8139a6cf67194f3973a6b3042d742ebe0a9ed36d8b6f0c07f"},
    {file = "MarkupSafe-1.1.1-cp37-cp37m-win32.whl", hash = "sha256:b00c1de48212e4cc9603895652c5c410df699856a2853135b3967591e4beebc2"},
    {file = "MarkupSafe-1.1.1-cp37-cp37m-win_amd64.whl", hash = "sha256:9bf40443012702a1d2070043cb6291650a0841ece432556f784f004937f0f32c"},
    {file = "MarkupSafe-1.1.1-cp38-cp38-macosx_10_9_x86_64.whl", hash = "sha256:6788b695d50a51edb699cb55e35487e430fa21f1ed838122d722e0ff0ac5ba15"},
    {file = "MarkupSafe-1.1.1-cp38-cp38-manylinux1_i686.whl", hash = "sha256:cdb132fc825c38e1aeec2c8aa9338310d29d337bebbd7baa06889d09a60a1fa2"},
    {file = "MarkupSafe-1.1.1-cp38-cp38-manylinux1_x86_64.whl", hash = "sha256:13d3144e1e340870b25e7b10b98d779608c02016d5184cfb9927a9f10c689f42"},
    {file = "MarkupSafe-1.1.1-cp38-cp38-manylinux2010_i686.whl", hash = "sha256:acf08ac40292838b3cbbb06cfe9b2cb9ec78fce8baca31ddb87aaac2e2dc3bc2"},
    {file = "MarkupSafe-1.1.1-cp38-cp38-manylinux2010_x86_64.whl", hash = "sha256:d9be0ba6c527163cbed5e0857c451fcd092ce83947944d6c14bc95441203f032"},
    {file = "MarkupSafe-1.1.1-cp38-cp38-manylinux2014_aarch64.whl", hash = "sha256:caabedc8323f1e93231b52fc32bdcde6db817623d33e100708d9a68e1f53b26b"},
    {file = "MarkupSafe-1.1.1-cp38-cp38-win32.whl", hash = "sha256:596510de112c685489095da617b5bcbbac7dd6384aeebeda4df6025d0256a81b"},
    {file = "MarkupSafe-1.1.1-cp38-cp38-win_amd64.whl", hash = "sha256:e8313f01ba26fbbe36c7be1966a7b7424942f670f38e666995b88d012765b9be"},
    {file = "MarkupSafe-1.1.1-cp39-cp39-macosx_10_9_x86_64.whl", hash = "sha256:d73a845f227b0bfe8a7455ee623525ee656a9e2e749e4742706d80a6065d5e2c"},
    {file = "MarkupSafe-1.1.1-cp39-cp39-manylinux1_i686.whl", hash = "sha256:98bae9582248d6cf62321dcb52aaf5d9adf0bad3b40582925ef7c7f0ed85fceb"},
    {file = "MarkupSafe-1.1.1-cp39-cp39-manylinux1_x86_64.whl", hash = "sha256:2beec1e0de6924ea551859edb9e7679da6e4870d32cb766240ce17e0a0ba2014"},
    {file = "MarkupSafe-1.1.1-cp39-cp39-manylinux2010_i686.whl", hash = "sha256:7fed13866cf14bba33e7176717346713881f56d9d2bcebab207f7a036f41b850"},
    {file = "MarkupSafe-1.1.1-cp39-cp39-manylinux2010_x86_64.whl", hash = "sha256:6f1e273a344928347c1290119b493a1f0303c52f5a5eae5f16d74f48c15d4a85"},
    {file = "MarkupSafe-1.1.1-cp39-cp39-manylinux2014_aarch64.whl", hash = "sha256:feb7b34d6325451ef96bc0e36e1a6c0c1c64bc1fbec4b854f4529e51887b1621"},
    {file = "MarkupSafe-1.1.1-cp39-cp39-win32.whl", hash = "sha256:22c178a091fc6630d0d045bdb5992d2dfe14e3259760e713c490da5323866c39"},
    {file = "MarkupSafe-1.1.1-cp39-cp39-win_amd64.whl", hash = "sha256:b7d644ddb4dbd407d31ffb699f1d140bc35478da613b441c582aeb7c43838dd8"},
    {file = "MarkupSafe-1.1.1.tar.gz", hash = "sha256:29872e92839765e546828bb7754a68c418d927cd064fd4708fab9fe9c8bb116b"},
]

[[package]]
name = "python-engineio"
version = "3.14.2"
description = "Engine.IO server"
optional = false
python-versions = "*"
files = [
    {file = "python-engineio-3.14.2.tar.gz", hash = "sha256:eab4553f2804c1ce97054c8b22cf0d5a9ab23128075248b97e1a5b2f29553085"},
    {file = "python_engineio-3.14.2-py2.py3-none-any.whl", hash = "sha256:5a9e6086d192463b04a1428ff1f85b6ba631bbb19d453b144ffc04f530542b84"},
]

[package.dependencies]
six = ">=1.9.0"

[package.extras]
asyncio-client = ["aiohttp (>=3.4)"]
client = ["requests (>=2.21.0)", "websocket-client (>=0.54.0)"]

[[package]]
name = "python-socketio"
version = "4.6.1"
description = "Socket.IO server"
optional = false
python-versions = "*"
files = [
    {file = "python-socketio-4.6.1.tar.gz", hash = "sha256:cd1f5aa492c1eb2be77838e837a495f117e17f686029ebc03d62c09e33f4fa10"},
    {file = "python_socketio-4.6.1-py2.py3-none-any.whl", hash = "sha256:5a21da53fdbdc6bb6c8071f40e13d100e0b279ad997681c2492478e06f370523"},
]

[package.dependencies]
python-engineio = ">=3.13.0,<4"
six = ">=1.9.0"

[package.extras]
asyncio-client = ["aiohttp (>=3.4)", "websockets (>=7.0)"]
client = ["requests (>=2.21.0)", "websocket-client (>=0.54.0)"]

[[package]]
name = "six"
version = "1.16.0"
description = "Python 2 and 3 compatibility utilities"
optional = false
python-versions = ">=2.7, !=3.0.*, !=3.1.*, !=3.2.*"
files = [
    {file = "six-1.16.0-py2.py3-none-any.whl", hash = "sha256:8abb2f1d86890a2dfb989f9a77cfcfd3e47c2a354b01111771326f8aa26e0254"},
    {file = "six-1.16.0.tar.gz", hash = "sha256:1e61c37477a1626458e36f7b1d82aa5c9b094fa4802892072e49de9c60c4c926"},
]

[[package]]
name = "werkzeug"
version = "1.0.1"
description = "The comprehensive WSGI web application library."
optional = false
python-versions = ">=2.7, !=3.0.*, !=3.1.*, !=3.2.*, !=3.3.*, !=3.4.*"
files = [
    {file = "Werkzeug-1.0.1-py2.py3-none-any.whl", hash = "sha256:2de2a5db0baeae7b2d2664949077c2ac63fbd16d98da0ff71837f7d1dea3fd43"},
    {file = "Werkzeug-1.0.1.tar.gz", hash = "sha256:6c80b1e5ad3665290ea39320b91e1be1e0d5f60652b964a3070216de83d2e47c"},
]

[package.extras]
dev = ["coverage", "pallets-sphinx-themes", "pytest", "pytest-timeout", "sphinx", "sphinx-issues", "tox"]
watchdog = ["watchdog"]

[metadata]
lock-version = "2.0"
python-versions = "^3.11"
content-hash = "4b7c5444a40a18e7995538789ee67a5928e78208d3a1b1cb74e03cdcce1acb62"
